
Microsoft Visual Studio Solution File, Format Version 12.00
# Visual Studio Version 16
VisualStudioVersion = 16.0.28803.452
MinimumVisualStudioVersion = 10.0.40219.1
Project("{FAE04EC0-301F-11D3-BF4B-00C04F79EFBC}") = "C_sharp_server", "C_sharp_server\C_sharp_server.csproj", "{71357A65-FD60-412A-8D0E-52E53F1C0AEE}"
EndProject
Global
	GlobalSection(SolutionConfigurationPlatforms) = preSolution
		Debug|Any CPU = Debug|Any CPU
		Release|Any CPU = Release|Any CPU
	EndGlobalSection
	GlobalSection(ProjectConfigurationPlatforms) = postSolution
		{71357A65-FD60-412A-8D0E-52E53F1C0AEE}.Debug|Any CPU.ActiveCfg = Debug|Any CPU
		{71357A65-FD60-412A-8D0E-52E53F1C0AEE}.Debug|Any CPU.Build.0 = Debug|Any CPU
		{71357A65-FD60-412A-8D0E-52E53F1C0AEE}.Release|Any CPU.ActiveCfg = Release|Any CPU
		{71357A65-FD60-412A-8D0E-52E53F1C0AEE}.Release|Any CPU.Build.0 = Release|Any CPU
	EndGlobalSection
	GlobalSection(SolutionProperties) = preSolution
		HideSolutionNode = FALSE
	EndGlobalSection
	GlobalSection(ExtensibilityGlobals) = postSolution
		SolutionGuid = {5FDCEE8C-51DD-47E6-BC46-3B00656FFD75}
	EndGlobalSection
EndGlobal
